// !$*UTF8*$!
{
	archiveVersion = 1;
	classes = {
	};
	objectVersion = 50;
	objects = {

/* Begin PBXBuildFile section */
		39ED8D98CE833BBCD678DADA /* Pods_poc_collection_drag_reorder.framework in Frameworks */ = {isa = PBXBuildFile; fileRef = 534E8B8023C790DE588F4B7E /* Pods_poc_collection_drag_reorder.framework */; };
		47D03549209B419000ACFD26 /* ItemCollectionViewCell.swift in Sources */ = {isa = PBXBuildFile; fileRef = 47D03547209B419000ACFD26 /* ItemCollectionViewCell.swift */; };
		47D0354A209B419000ACFD26 /* ItemCollectionViewCell.xib in Resources */ = {isa = PBXBuildFile; fileRef = 47D03548209B419000ACFD26 /* ItemCollectionViewCell.xib */; };
		47DD910B209B3B4700D2A306 /* AppDelegate.swift in Sources */ = {isa = PBXBuildFile; fileRef = 47DD910A209B3B4700D2A306 /* AppDelegate.swift */; };
		47DD910D209B3B4700D2A306 /* ViewController.swift in Sources */ = {isa = PBXBuildFile; fileRef = 47DD910C209B3B4700D2A306 /* ViewController.swift */; };
		47DD9110209B3B4700D2A306 /* Main.storyboard in Resources */ = {isa = PBXBuildFile; fileRef = 47DD910E209B3B4700D2A306 /* Main.storyboard */; };
		47DD9112209B3B4800D2A306 /* Assets.xcassets in Resources */ = {isa = PBXBuildFile; fileRef = 47DD9111209B3B4800D2A306 /* Assets.xcassets */; };
		47DD9115209B3B4800D2A306 /* LaunchScreen.storyboard in Resources */ = {isa = PBXBuildFile; fileRef = 47DD9113209B3B4800D2A306 /* LaunchScreen.storyboard */; };
/* End PBXBuildFile section */

/* Begin PBXFileReference section */
		254AC2DF247A478A6061A5E9 /* Pods-poc-collection-drag-reorder.release.xcconfig */ = {isa = PBXFileReference; includeInIndex = 1; lastKnownFileType = text.xcconfig; name = "Pods-poc-collection-drag-reorder.release.xcconfig"; path = "Pods/Target Support Files/Pods-poc-collection-drag-reorder/Pods-poc-collection-drag-reorder.release.xcconfig"; sourceTree = "<group>"; };
		47D03547209B419000ACFD26 /* ItemCollectionViewCell.swift */ = {isa = PBXFileReference; lastKnownFileType = sourcecode.swift; path = ItemCollectionViewCell.swift; sourceTree = "<group>"; };
		47D03548209B419000ACFD26 /* ItemCollectionViewCell.xib */ = {isa = PBXFileReference; lastKnownFileType = file.xib; path = ItemCollectionViewCell.xib; sourceTree = "<group>"; };
		47DD9107209B3B4700D2A306 /* poc-collection-drag-reorder.app */ = {isa = PBXFileReference; explicitFileType = wrapper.application; includeInIndex = 0; path = "poc-collection-drag-reorder.app"; sourceTree = BUILT_PRODUCTS_DIR; };
		47DD910A209B3B4700D2A306 /* AppDelegate.swift */ = {isa = PBXFileReference; lastKnownFileType = sourcecode.swift; path = AppDelegate.swift; sourceTree = "<group>"; };
		47DD910C209B3B4700D2A306 /* ViewController.swift */ = {isa = PBXFileReference; lastKnownFileType = sourcecode.swift; path = ViewController.swift; sourceTree = "<group>"; };
		47DD910F209B3B4700D2A306 /* Base */ = {isa = PBXFileReference; lastKnownFileType = file.storyboard; name = Base; path = Base.lproj/Main.storyboard; sourceTree = "<group>"; };
		47DD9111209B3B4800D2A306 /* Assets.xcassets */ = {isa = PBXFileReference; lastKnownFileType = folder.assetcatalog; path = Assets.xcassets; sourceTree = "<group>"; };
		47DD9114209B3B4800D2A306 /* Base */ = {isa = PBXFileReference; lastKnownFileType = file.storyboard; name = Base; path = Base.lproj/LaunchScreen.storyboard; sourceTree = "<group>"; };
		47DD9116209B3B4800D2A306 /* Info.plist */ = {isa = PBXFileReference; lastKnownFileType = text.plist.xml; path = Info.plist; sourceTree = "<group>"; };
		534E8B8023C790DE588F4B7E /* Pods_poc_collection_drag_reorder.framework */ = {isa = PBXFileReference; explicitFileType = wrapper.framework; includeInIndex = 0; path = Pods_poc_collection_drag_reorder.framework; sourceTree = BUILT_PRODUCTS_DIR; };
		69A1707E41B289C6F8DDB7A7 /* Pods-poc-collection-drag-reorder.debug.xcconfig */ = {isa = PBXFileReference; includeInIndex = 1; lastKnownFileType = text.xcconfig; name = "Pods-poc-collection-drag-reorder.debug.xcconfig"; path = "Pods/Target Support Files/Pods-poc-collection-drag-reorder/Pods-poc-collection-drag-reorder.debug.xcconfig"; sourceTree = "<group>"; };
/* End PBXFileReference section */

/* Begin PBXFrameworksBuildPhase section */
		47DD9104209B3B4700D2A306 /* Frameworks */ = {
			isa = PBXFrameworksBuildPhase;
			buildActionMask = 2147483647;
			files = (
				39ED8D98CE833BBCD678DADA /* Pods_poc_collection_drag_reorder.framework in Frameworks */,
			);
			runOnlyForDeploymentPostprocessing = 0;
		};
/* End PBXFrameworksBuildPhase section */

/* Begin PBXGroup section */
		3B3615B1ADD754B5730CA669 /* Pods */ = {
			isa = PBXGroup;
			children = (
				69A1707E41B289C6F8DDB7A7 /* Pods-poc-collection-drag-reorder.debug.xcconfig */,
				254AC2DF247A478A6061A5E9 /* Pods-poc-collection-drag-reorder.release.xcconfig */,
			);
			name = Pods;
			sourceTree = "<group>";
		};
		47DD90FE209B3B4700D2A306 = {
			isa = PBXGroup;
			children = (
				47DD9109209B3B4700D2A306 /* poc-collection-drag-reorder */,
				47DD9108209B3B4700D2A306 /* Products */,
				3B3615B1ADD754B5730CA669 /* Pods */,
				DD1DC326C9453C0185A2FDB0 /* Frameworks */,
			);
			sourceTree = "<group>";
		};
		47DD9108209B3B4700D2A306 /* Products */ = {
			isa = PBXGroup;
			children = (
				47DD9107209B3B4700D2A306 /* poc-collection-drag-reorder.app */,
			);
			name = Products;
			sourceTree = "<group>";
		};
		47DD9109209B3B4700D2A306 /* poc-collection-drag-reorder */ = {
			isa = PBXGroup;
			children = (
				47DD910A209B3B4700D2A306 /* AppDelegate.swift */,
				47DD910C209B3B4700D2A306 /* ViewController.swift */,
				47DD910E209B3B4700D2A306 /* Main.storyboard */,
				47DD9111209B3B4800D2A306 /* Assets.xcassets */,
				47DD9113209B3B4800D2A306 /* LaunchScreen.storyboard */,
				47DD9116209B3B4800D2A306 /* Info.plist */,
				47D03547209B419000ACFD26 /* ItemCollectionViewCell.swift */,
				47D03548209B419000ACFD26 /* ItemCollectionViewCell.xib */,
			);
			path = "poc-collection-drag-reorder";
			sourceTree = "<group>";
		};
		DD1DC326C9453C0185A2FDB0 /* Frameworks */ = {
			isa = PBXGroup;
			children = (
				534E8B8023C790DE588F4B7E /* Pods_poc_collection_drag_reorder.framework */,
			);
			name = Frameworks;
			sourceTree = "<group>";
		};
/* End PBXGroup section */

/* Begin PBXNativeTarget section */
		47DD9106209B3B4700D2A306 /* poc-collection-drag-reorder */ = {
			isa = PBXNativeTarget;
			buildConfigurationList = 47DD9119209B3B4800D2A306 /* Build configuration list for PBXNativeTarget "poc-collection-drag-reorder" */;
			buildPhases = (
				5D34FA856F3393F1486FFA8D /* [CP] Check Pods Manifest.lock */,
				47DD9103209B3B4700D2A306 /* Sources */,
				47DD9104209B3B4700D2A306 /* Frameworks */,
				47DD9105209B3B4700D2A306 /* Resources */,
				E99A4C9F1CCE8C98A1B259A4 /* [CP] Embed Pods Frameworks */,
			);
			buildRules = (
			);
			dependencies = (
			);
			name = "poc-collection-drag-reorder";
			productName = "poc-collection-drag-reorder";
			productReference = 47DD9107209B3B4700D2A306 /* poc-collection-drag-reorder.app */;
			productType = "com.apple.product-type.application";
		};
/* End PBXNativeTarget section */

/* Begin PBXProject section */
		47DD90FF209B3B4700D2A306 /* Project object */ = {
			isa = PBXProject;
			attributes = {
				LastSwiftUpdateCheck = 0930;
				LastUpgradeCheck = 0930;
				ORGANIZATIONNAME = "Thiago Diniz";
				TargetAttributes = {
					47DD9106209B3B4700D2A306 = {
						CreatedOnToolsVersion = 9.3;
					};
				};
			};
			buildConfigurationList = 47DD9102209B3B4700D2A306 /* Build configuration list for PBXProject "poc-collection-drag-reorder" */;
			compatibilityVersion = "Xcode 9.3";
			developmentRegion = en;
			hasScannedForEncodings = 0;
			knownRegions = (
				en,
				Base,
			);
			mainGroup = 47DD90FE209B3B4700D2A306;
			productRefGroup = 47DD9108209B3B4700D2A306 /* Products */;
			projectDirPath = "";
			projectRoot = "";
			targets = (
				47DD9106209B3B4700D2A306 /* poc-collection-drag-reorder */,
			);
		};
/* End PBXProject section */

/* Begin PBXResourcesBuildPhase section */
		47DD9105209B3B4700D2A306 /* Resources */ = {
			isa = PBXResourcesBuildPhase;
			buildActionMask = 2147483647;
			files = (
				47DD9115209B3B4800D2A306 /* LaunchScreen.storyboard in Resources */,
				47D0354A209B419000ACFD26 /* ItemCollectionViewCell.xib in Resources */,
				47DD9112209B3B4800D2A306 /* Assets.xcassets in Resources */,
				47DD9110209B3B4700D2A306 /* Main.storyboard in Resources */,
			);
			runOnlyForDeploymentPostprocessing = 0;
		};
/* End PBXResourcesBuildPhase section */

/* Begin PBXShellScriptBuildPhase section */
		5D34FA856F3393F1486FFA8D /* [CP] Check Pods Manifest.lock */ = {
			isa = PBXShellScriptBuildPhase;
			buildActionMask = 2147483647;
			files = (
			);
			inputPaths = (
				"${PODS_PODFILE_DIR_PATH}/Podfile.lock",
				"${PODS_ROOT}/Manifest.lock",
			);
			name = "[CP] Check Pods Manifest.lock";
			outputPaths = (
				"$(DERIVED_FILE_DIR)/Pods-poc-collection-drag-reorder-checkManifestLockResult.txt",
			);
			runOnlyForDeploymentPostprocessing = 0;
			shellPath = /bin/sh;
			shellScript = "diff \"${PODS_PODFILE_DIR_PATH}/Podfile.lock\" \"${PODS_ROOT}/Manifest.lock\" > /dev/null\nif [ $? != 0 ] ; then\n    # print error to STDERR\n    echo \"error: The sandbox is not in sync with the Podfile.lock. Run 'pod install' or update your CocoaPods installation.\" >&2\n    exit 1\nfi\n# This output is used by Xcode 'outputs' to avoid re-running this script phase.\necho \"SUCCESS\" > \"${SCRIPT_OUTPUT_FILE_0}\"\n";
			showEnvVarsInLog = 0;
		};
		E99A4C9F1CCE8C98A1B259A4 /* [CP] Embed Pods Frameworks */ = {
			isa = PBXShellScriptBuildPhase;
			buildActionMask = 2147483647;
			files = (
			);
			inputPaths = (
				"${SRCROOT}/Pods/Target Support Files/Pods-poc-collection-drag-reorder/Pods-poc-collection-drag-reorder-frameworks.sh",
				"${BUILT_PRODUCTS_DIR}/Kingfisher/Kingfisher.framework",
			);
			name = "[CP] Embed Pods Frameworks";
			outputPaths = (
				"${TARGET_BUILD_DIR}/${FRAMEWORKS_FOLDER_PATH}/Kingfisher.framework",
			);
			runOnlyForDeploymentPostprocessing = 0;
			shellPath = /bin/sh;
			shellScript = "\"${SRCROOT}/Pods/Target Support Files/Pods-poc-collection-drag-reorder/Pods-poc-collection-drag-reorder-frameworks.sh\"\n";
			showEnvVarsInLog = 0;
		};
/* End PBXShellScriptBuildPhase section */

/* Begin PBXSourcesBuildPhase section */
		47DD9103209B3B4700D2A306 /* Sources */ = {
			isa = PBXSourcesBuildPhase;
			buildActionMask = 2147483647;
			files = (
				47D03549209B419000ACFD26 /* ItemCollectionViewCell.swift in Sources */,
				47DD910D209B3B4700D2A306 /* ViewController.swift in Sources */,
				47DD910B209B3B4700D2A306 /* AppDelegate.swift in Sources */,
			);
			runOnlyForDeploymentPostprocessing = 0;
		};
/* End PBXSourcesBuildPhase section */

/* Begin PBXVariantGroup section */
		47DD910E209B3B4700D2A306 /* Main.storyboard */ = {
			isa = PBXVariantGroup;
			children = (
				47DD910F209B3B4700D2A306 /* Base */,
			);
			name = Main.storyboard;
			sourceTree = "<group>";
		};
		47DD9113209B3B4800D2A306 /* LaunchScreen.storyboard */ = {
			isa = PBXVariantGroup;
			children = (
				47DD9114209B3B4800D2A306 /* Base */,
			);
			name = LaunchScreen.storyboard;
			sourceTree = "<group>";
		};
/* End PBXVariantGroup section */

/* Begin XCBuildConfiguration section */
		47DD9117209B3B4800D2A306 /* Debug */ = {
			isa = XCBuildConfiguration;
			buildSettings = {
				ALWAYS_SEARCH_USER_PATHS = NO;
				CLANG_ANALYZER_NONNULL = YES;
				CLANG_ANALYZER_NUMBER_OBJECT_CONVERSION = YES_AGGRESSIVE;
				CLANG_CXX_LANGUAGE_STANDARD = "gnu++14";
				CLANG_CXX_LIBRARY = "libc++";
				CLANG_ENABLE_MODULES = YES;
				CLANG_ENABLE_OBJC_ARC = YES;
				CLANG_ENABLE_OBJC_WEAK = YES;
				CLANG_WARN_BLOCK_CAPTURE_AUTORELEASING = YES;
				CLANG_WARN_BOOL_CONVERSION = YES;
				CLANG_WARN_COMMA = YES;
				CLANG_WARN_CONSTANT_CONVERSION = YES;
				CLANG_WARN_DEPRECATED_OBJC_IMPLEMENTATIONS = YES;
				CLANG_WARN_DIRECT_OBJC_ISA_USAGE = YES_ERROR;
				CLANG_WARN_DOCUMENTATION_COMMENTS = YES;
				CLANG_WARN_EMPTY_BODY = YES;
				CLANG_WARN_ENUM_CONVERSION = YES;
				CLANG_WARN_INFINITE_RECURSION = YES;
				CLANG_WARN_INT_CONVERSION = YES;
				CLANG_WARN_NON_LITERAL_NULL_CONVERSION = YES;
				CLANG_WARN_OBJC_IMPLICIT_RETAIN_SELF = YES;
				CLANG_WARN_OBJC_LITERAL_CONVERSION = YES;
				CLANG_WARN_OBJC_ROOT_CLASS = YES_ERROR;
				CLANG_WARN_RANGE_LOOP_ANALYSIS = YES;
				CLANG_WARN_STRICT_PROTOTYPES = YES;
				CLANG_WARN_SUSPICIOUS_MOVE = YES;
				CLANG_WARN_UNGUARDED_AVAILABILITY = YES_AGGRESSIVE;
				CLANG_WARN_UNREACHABLE_CODE = YES;
				CLANG_WARN__DUPLICATE_METHOD_MATCH = YES;
				CODE_SIGN_IDENTITY = "iPhone Developer";
				COPY_PHASE_STRIP = NO;
				DEBUG_INFORMATION_FORMAT = dwarf;
				ENABLE_STRICT_OBJC_MSGSEND = YES;
				ENABLE_TESTABILITY = YES;
				GCC_C_LANGUAGE_STANDARD = gnu11;
				GCC_DYNAMIC_NO_PIC = NO;
				GCC_NO_COMMON_BLOCKS = YES;
				GCC_OPTIMIZATION_LEVEL = 0;
				GCC_PREPROCESSOR_DEFINITIONS = (
					"DEBUG=1",
					"$(inherited)",
				);
				GCC_WARN_64_TO_32_BIT_CONVERSION = YES;
				GCC_WARN_ABOUT_RETURN_TYPE = YES_ERROR;
				GCC_WARN_UNDECLARED_SELECTOR = YES;
				GCC_WARN_UNINITIALIZED_AUTOS = YES_AGGRESSIVE;
				GCC_WARN_UNUSED_FUNCTION = YES;
				GCC_WARN_UNUSED_VARIABLE = YES;
				IPHONEOS_DEPLOYMENT_TARGET = 11.3;
				MTL_ENABLE_DEBUG_INFO = YES;
				ONLY_ACTIVE_ARCH = YES;
				SDKROOT = iphoneos;
				SWIFT_ACTIVE_COMPILATION_CONDITIONS = DEBUG;
				SWIFT_OPTIMIZATION_LEVEL = "-Onone";
			};
			name = Debug;
		};
		47DD9118209B3B4800D2A306 /* Release */ = {
			isa = XCBuildConfiguration;
			buildSettings = {
				ALWAYS_SEARCH_USER_PATHS = NO;
				CLANG_ANALYZER_NONNULL = YES;
				CLANG_ANALYZER_NUMBER_OBJECT_CONVERSION = YES_AGGRESSIVE;
				CLANG_CXX_LANGUAGE_STANDARD = "gnu++14";
				CLANG_CXX_LIBRARY = "libc++";
				CLANG_ENABLE_MODULES = YES;
				CLANG_ENABLE_OBJC_ARC = YES;
				CLANG_ENABLE_OBJC_WEAK = YES;
				CLANG_WARN_BLOCK_CAPTURE_AUTORELEASING = YES;
				CLANG_WARN_BOOL_CONVERSION = YES;
				CLANG_WARN_COMMA = YES;
				CLANG_WARN_CONSTANT_CONVERSION = YES;
				CLANG_WARN_DEPRECATED_OBJC_IMPLEMENTATIONS = YES;
				CLANG_WARN_DIRECT_OBJC_ISA_USAGE = YES_ERROR;
				CLANG_WARN_DOCUMENTATION_COMMENTS = YES;
				CLANG_WARN_EMPTY_BODY = YES;
				CLANG_WARN_ENUM_CONVERSION = YES;
				CLANG_WARN_INFINITE_RECURSION = YES;
				CLANG_WARN_INT_CONVERSION = YES;
				CLANG_WARN_NON_LITERAL_NULL_CONVERSION = YES;
				CLANG_WARN_OBJC_IMPLICIT_RETAIN_SELF = YES;
				CLANG_WARN_OBJC_LITERAL_CONVERSION = YES;
				CLANG_WARN_OBJC_ROOT_CLASS = YES_ERROR;
				CLANG_WARN_RANGE_LOOP_ANALYSIS = YES;
				CLANG_WARN_STRICT_PROTOTYPES = YES;
				CLANG_WARN_SUSPICIOUS_MOVE = YES;
				CLANG_WARN_UNGUARDED_AVAILABILITY = YES_AGGRESSIVE;
				CLANG_WARN_UNREACHABLE_CODE = YES;
				CLANG_WARN__DUPLICATE_METHOD_MATCH = YES;
				CODE_SIGN_IDENTITY = "iPhone Developer";
				COPY_PHASE_STRIP = NO;
				DEBUG_INFORMATION_FORMAT = "dwarf-with-dsym";
				ENABLE_NS_ASSERTIONS = NO;
				ENABLE_STRICT_OBJC_MSGSEND = YES;
				GCC_C_LANGUAGE_STANDARD = gnu11;
				GCC_NO_COMMON_BLOCKS = YES;
				GCC_WARN_64_TO_32_BIT_CONVERSION = YES;
				GCC_WARN_ABOUT_RETURN_TYPE = YES_ERROR;
				GCC_WARN_UNDECLARED_SELECTOR = YES;
				GCC_WARN_UNINITIALIZED_AUTOS = YES_AGGRESSIVE;
				GCC_WARN_UNUSED_FUNCTION = YES;
				GCC_WARN_UNUSED_VARIABLE = YES;
				IPHONEOS_DEPLOYMENT_TARGET = 11.3;
				MTL_ENABLE_DEBUG_INFO = NO;
				SDKROOT = iphoneos;
				SWIFT_COMPILATION_MODE = wholemodule;
				SWIFT_OPTIMIZATION_LEVEL = "-O";
				VALIDATE_PRODUCT = YES;
			};
			name = Release;
		};
		47DD911A209B3B4800D2A306 /* Debug */ = {
			isa = XCBuildConfiguration;
			baseConfigurationReference = 69A1707E41B289C6F8DDB7A7 /* Pods-poc-collection-drag-reorder.debug.xcconfig */;
			buildSettings = {
				ASSETCATALOG_COMPILER_APPICON_NAME = AppIcon;
				CODE_SIGN_STYLE = Automatic;
				DEVELOPMENT_TEAM = V9BE6U25RP;
				INFOPLIST_FILE = "poc-collection-drag-reorder/Info.plist";
				LD_RUNPATH_SEARCH_PATHS = (
					"$(inherited)",
					"@executable_path/Frameworks",
				);
				PRODUCT_BUNDLE_IDENTIFIER = "br.com.thiagodiniz.poc-collection-drag-reorder";
				PRODUCT_NAME = "$(TARGET_NAME)";
				SWIFT_VERSION = 4.0;
				TARGETED_DEVICE_FAMILY = "1,2";
			};
			name = Debug;
		};
		47DD911B209B3B4800D2A306 /* Release */ = {
			isa = XCBuildConfiguration;
			baseConfigurationReference = 254AC2DF247A478A6061A5E9 /* Pods-poc-collection-drag-reorder.release.xcconfig */;
			buildSettings = {
				ASSETCATALOG_COMPILER_APPICON_NAME = AppIcon;
				CODE_SIGN_STYLE = Automatic;
				DEVELOPMENT_TEAM = V9BE6U25RP;
				INFOPLIST_FILE = "poc-collection-drag-reorder/Info.plist";
				LD_RUNPATH_SEARCH_PATHS = (
					"$(inherited)",
					"@executable_path/Frameworks",
				);
				PRODUCT_BUNDLE_IDENTIFIER = "br.com.thiagodiniz.poc-collection-drag-reorder";
				PRODUCT_NAME = "$(TARGET_NAME)";
				SWIFT_VERSION = 4.0;
				TARGETED_DEVICE_FAMILY = "1,2";
			};
			name = Release;
		};
/* End XCBuildConfiguration section */

/* Begin XCConfigurationList section */
		47DD9102209B3B4700D2A306 /* Build configuration list for PBXProject "poc-collection-drag-reorder" */ = {
			isa = XCConfigurationList;
			buildConfigurations = (
				47DD9117209B3B4800D2A306 /* Debug */,
				47DD9118209B3B4800D2A306 /* Release */,
			);
			defaultConfigurationIsVisible = 0;
			defaultConfigurationName = Release;
		};
		47DD9119209B3B4800D2A306 /* Build configuration list for PBXNativeTarget "poc-collection-drag-reorder" */ = {
			isa = XCConfigurationList;
			buildConfigurations = (
				47DD911A209B3B4800D2A306 /* Debug */,
				47DD911B209B3B4800D2A306 /* Release */,
			);
			defaultConfigurationIsVisible = 0;
			defaultConfigurationName = Release;
		};
/* End XCConfigurationList section */
	};
	rootObject = 47DD90FF209B3B4700D2A306 /* Project object */;
}
